# This file is autogenerated, do not edit; changes may be undone by the next 'dep ensure'.


[[projects]]
  branch = "master"
  name = "emersyx.net/emersyx_apis"
  packages = ["emcomapi","emircapi"]
  revision = "7d7a6d4783a19b96d658270af206b1e04de8c941"

[[projects]]
  branch = "master"
  name = "github.com/fluffle/goirc"
  packages = ["client","logging","state"]
  revision = "a7abc67ac229ff40f2b09dbb4851585d99ec1aca"

[[projects]]
  name = "github.com/golang/mock"
  packages = ["gomock"]
  revision = "13f360950a79f5864a972c786a10a50e44b69541"
  version = "v1.0.0"

[[projects]]
  branch = "master"
  name = "golang.org/x/net"
  packages = ["proxy"]
  revision = "5ccada7d0a7ba9aeb5d3aca8d3501b4c2a509fec"

[solve-meta]
  analyzer-name = "dep"
  analyzer-version = 1
  inputs-digest = "c3e9f4cddcf6e6f389741166161667843b7ec6e8ff5f462037641056c621f4d5"
  solver-name = "gps-cdcl"
  solver-version = 1
